
Microsoft Visual Studio Solution File, Format Version 12.00
# Visual Studio Version 17
VisualStudioVersion = 17.4.33103.184
MinimumVisualStudioVersion = 10.0.40219.1
Project("{FAE04EC0-301F-11D3-BF4B-00C04F79EFBC}") = "ReportApi", "ReportApi\ReportApi.csproj", "{F3CF7A01-94B2-4DFC-A273-1DFDF47DCB9B}"
EndProject
Global
	GlobalSection(SolutionConfigurationPlatforms) = preSolution
		Debug|Any CPU = Debug|Any CPU
		Release|Any CPU = Release|Any CPU
	EndGlobalSection
	GlobalSection(ProjectConfigurationPlatforms) = postSolution
		{F3CF7A01-94B2-4DFC-A273-1DFDF47DCB9B}.Debug|Any CPU.ActiveCfg = Debug|Any CPU
		{F3CF7A01-94B2-4DFC-A273-1DFDF47DCB9B}.Debug|Any CPU.Build.0 = Debug|Any CPU
		{F3CF7A01-94B2-4DFC-A273-1DFDF47DCB9B}.Release|Any CPU.ActiveCfg = Release|Any CPU
		{F3CF7A01-94B2-4DFC-A273-1DFDF47DCB9B}.Release|Any CPU.Build.0 = Release|Any CPU
	EndGlobalSection
	GlobalSection(SolutionProperties) = preSolution
		HideSolutionNode = FALSE
	EndGlobalSection
	GlobalSection(ExtensibilityGlobals) = postSolution
		SolutionGuid = {2E6287E9-1CF4-4701-82BB-93D6BD8C58E8}
	EndGlobalSection
EndGlobal
